
Microsoft Visual Studio Solution File, Format Version 12.00
# Visual Studio Version 17
VisualStudioVersion = 17.10.35027.167
MinimumVisualStudioVersion = 10.0.40219.1
Project("{8BC9CEB8-8B4A-11D0-8D11-00A0C91BC942}") = "MT4_01_01", "MT4_01_01.vcxproj", "{A669EC3D-DFD7-4500-AEC7-B7C2E3CA15F4}"
EndProject
Global
	GlobalSection(SolutionConfigurationPlatforms) = preSolution
		Debug|x64 = Debug|x64
		Release|x64 = Release|x64
	EndGlobalSection
	GlobalSection(ProjectConfigurationPlatforms) = postSolution
		{A669EC3D-DFD7-4500-AEC7-B7C2E3CA15F4}.Debug|x64.ActiveCfg = Debug|x64
		{A669EC3D-DFD7-4500-AEC7-B7C2E3CA15F4}.Debug|x64.Build.0 = Debug|x64
		{A669EC3D-DFD7-4500-AEC7-B7C2E3CA15F4}.Release|x64.ActiveCfg = Release|x64
		{A669EC3D-DFD7-4500-AEC7-B7C2E3CA15F4}.Release|x64.Build.0 = Release|x64
	EndGlobalSection
	GlobalSection(SolutionProperties) = preSolution
		HideSolutionNode = FALSE
	EndGlobalSection
	GlobalSection(ExtensibilityGlobals) = postSolution
		SolutionGuid = {7403B97C-9160-4124-B81B-68BCD7DE647F}
	EndGlobalSection
EndGlobal
